
Microsoft Visual Studio Solution File, Format Version 12.00
# Visual Studio Version 17
VisualStudioVersion = 17.13.35825.156
MinimumVisualStudioVersion = 15.0.26124.0
Project("{FAE04EC0-301F-11D3-BF4B-00C04F79EFBC}") = "Domain", "Api.Domain\Domain.csproj", "{5E0EF588-8129-42C2-96D9-4B46891ACA9A}"
EndProject
Project("{FAE04EC0-301F-11D3-BF4B-00C04F79EFBC}") = "CrossCutting", "Api.CrossCutting\CrossCutting.csproj", "{6594FAA7-629C-4FAD-8D56-0F1E4F54C855}"
EndProject
Project("{FAE04EC0-301F-11D3-BF4B-00C04F79EFBC}") = "Data", "Api.Data\Data.csproj", "{521789C5-67CA-44EA-AB34-8D6D8C8A5BFA}"
EndProject
Project("{FAE04EC0-301F-11D3-BF4B-00C04F79EFBC}") = "Service", "Api.Service\Service.csproj", "{750272A0-9366-49E7-9563-B3D0A9ACE91E}"
EndProject
Project("{FAE04EC0-301F-11D3-BF4B-00C04F79EFBC}") = "Api.Application", "Api.Application\Api.Application.csproj", "{3E890C62-5E19-45A7-9889-E8FC65388A22}"
EndProject
Project("{2150E333-8FDC-42A3-9474-1A3956D46DE8}") = "Api.Domain", "Api.Domain", "{B074FEE8-4E10-0031-71FF-49F4345BFDDF}"
EndProject
Project("{2150E333-8FDC-42A3-9474-1A3956D46DE8}") = "Api.CrossCutting", "Api.CrossCutting", "{F22AA972-3027-63FD-3903-780424A49BCB}"
EndProject
Project("{2150E333-8FDC-42A3-9474-1A3956D46DE8}") = "Api.Data", "Api.Data", "{99CA9964-E9DD-35A6-DC82-4979CFE35996}"
EndProject
Project("{2150E333-8FDC-42A3-9474-1A3956D46DE8}") = "Api.Service", "Api.Service", "{8DE91230-3589-0265-9CAA-E66F8B5A7CFA}"
EndProject
Project("{FAE04EC0-301F-11D3-BF4B-00C04F79EFBC}") = "Api.Data.Test", "Api.Data.Test\Api.Data.Test.csproj", "{F722FFC7-C88B-4B53-8FC4-5A4D775E0272}"
EndProject
Project("{FAE04EC0-301F-11D3-BF4B-00C04F79EFBC}") = "Api.Service.Test", "Api.Service.Test\Api.Service.Test.csproj", "{19DAD15C-5AD8-4DEE-98B6-1EB7463F740F}"
EndProject
Project("{FAE04EC0-301F-11D3-BF4B-00C04F79EFBC}") = "Api.Application.Test", "Api.Application.Test\Api.Application.Test.csproj", "{A674ACBD-42F6-470F-8ADE-145AD161CD87}"
EndProject
Project("{FAE04EC0-301F-11D3-BF4B-00C04F79EFBC}") = "Api.Integration.Test", "Api.Integration.Test\Api.Integration.Test.csproj", "{3ED19F83-9DC4-19C5-C15B-71539907953B}"
EndProject
Global
	GlobalSection(SolutionConfigurationPlatforms) = preSolution
		Debug|Any CPU = Debug|Any CPU
		Debug|x64 = Debug|x64
		Debug|x86 = Debug|x86
		Release|Any CPU = Release|Any CPU
		Release|x64 = Release|x64
		Release|x86 = Release|x86
	EndGlobalSection
	GlobalSection(ProjectConfigurationPlatforms) = postSolution
		{5E0EF588-8129-42C2-96D9-4B46891ACA9A}.Debug|Any CPU.ActiveCfg = Debug|Any CPU
		{5E0EF588-8129-42C2-96D9-4B46891ACA9A}.Debug|Any CPU.Build.0 = Debug|Any CPU
		{5E0EF588-8129-42C2-96D9-4B46891ACA9A}.Debug|x64.ActiveCfg = Debug|Any CPU
		{5E0EF588-8129-42C2-96D9-4B46891ACA9A}.Debug|x64.Build.0 = Debug|Any CPU
		{5E0EF588-8129-42C2-96D9-4B46891ACA9A}.Debug|x86.ActiveCfg = Debug|Any CPU
		{5E0EF588-8129-42C2-96D9-4B46891ACA9A}.Debug|x86.Build.0 = Debug|Any CPU
		{5E0EF588-8129-42C2-96D9-4B46891ACA9A}.Release|Any CPU.ActiveCfg = Release|Any CPU
		{5E0EF588-8129-42C2-96D9-4B46891ACA9A}.Release|Any CPU.Build.0 = Release|Any CPU
		{5E0EF588-8129-42C2-96D9-4B46891ACA9A}.Release|x64.ActiveCfg = Release|Any CPU
		{5E0EF588-8129-42C2-96D9-4B46891ACA9A}.Release|x64.Build.0 = Release|Any CPU
		{5E0EF588-8129-42C2-96D9-4B46891ACA9A}.Release|x86.ActiveCfg = Release|Any CPU
		{5E0EF588-8129-42C2-96D9-4B46891ACA9A}.Release|x86.Build.0 = Release|Any CPU
		{6594FAA7-629C-4FAD-8D56-0F1E4F54C855}.Debug|Any CPU.ActiveCfg = Debug|Any CPU
		{6594FAA7-629C-4FAD-8D56-0F1E4F54C855}.Debug|Any CPU.Build.0 = Debug|Any CPU
		{6594FAA7-629C-4FAD-8D56-0F1E4F54C855}.Debug|x64.ActiveCfg = Debug|Any CPU
		{6594FAA7-629C-4FAD-8D56-0F1E4F54C855}.Debug|x64.Build.0 = Debug|Any CPU
		{6594FAA7-629C-4FAD-8D56-0F1E4F54C855}.Debug|x86.ActiveCfg = Debug|Any CPU
		{6594FAA7-629C-4FAD-8D56-0F1E4F54C855}.Debug|x86.Build.0 = Debug|Any CPU
		{6594FAA7-629C-4FAD-8D56-0F1E4F54C855}.Release|Any CPU.ActiveCfg = Release|Any CPU
		{6594FAA7-629C-4FAD-8D56-0F1E4F54C855}.Release|Any CPU.Build.0 = Release|Any CPU
		{6594FAA7-629C-4FAD-8D56-0F1E4F54C855}.Release|x64.ActiveCfg = Release|Any CPU
		{6594FAA7-629C-4FAD-8D56-0F1E4F54C855}.Release|x64.Build.0 = Release|Any CPU
		{6594FAA7-629C-4FAD-8D56-0F1E4F54C855}.Release|x86.ActiveCfg = Release|Any CPU
		{6594FAA7-629C-4FAD-8D56-0F1E4F54C855}.Release|x86.Build.0 = Release|Any CPU
		{521789C5-67CA-44EA-AB34-8D6D8C8A5BFA}.Debug|Any CPU.ActiveCfg = Debug|Any CPU
		{521789C5-67CA-44EA-AB34-8D6D8C8A5BFA}.Debug|Any CPU.Build.0 = Debug|Any CPU
		{521789C5-67CA-44EA-AB34-8D6D8C8A5BFA}.Debug|x64.ActiveCfg = Debug|Any CPU
		{521789C5-67CA-44EA-AB34-8D6D8C8A5BFA}.Debug|x64.Build.0 = Debug|Any CPU
		{521789C5-67CA-44EA-AB34-8D6D8C8A5BFA}.Debug|x86.ActiveCfg = Debug|Any CPU
		{521789C5-67CA-44EA-AB34-8D6D8C8A5BFA}.Debug|x86.Build.0 = Debug|Any CPU
		{521789C5-67CA-44EA-AB34-8D6D8C8A5BFA}.Release|Any CPU.ActiveCfg = Release|Any CPU
		{521789C5-67CA-44EA-AB34-8D6D8C8A5BFA}.Release|Any CPU.Build.0 = Release|Any CPU
		{521789C5-67CA-44EA-AB34-8D6D8C8A5BFA}.Release|x64.ActiveCfg = Release|Any CPU
		{521789C5-67CA-44EA-AB34-8D6D8C8A5BFA}.Release|x64.Build.0 = Release|Any CPU
		{521789C5-67CA-44EA-AB34-8D6D8C8A5BFA}.Release|x86.ActiveCfg = Release|Any CPU
		{521789C5-67CA-44EA-AB34-8D6D8C8A5BFA}.Release|x86.Build.0 = Release|Any CPU
		{750272A0-9366-49E7-9563-B3D0A9ACE91E}.Debug|Any CPU.ActiveCfg = Debug|Any CPU
		{750272A0-9366-49E7-9563-B3D0A9ACE91E}.Debug|Any CPU.Build.0 = Debug|Any CPU
		{750272A0-9366-49E7-9563-B3D0A9ACE91E}.Debug|x64.ActiveCfg = Debug|Any CPU
		{750272A0-9366-49E7-9563-B3D0A9ACE91E}.Debug|x64.Build.0 = Debug|Any CPU
		{750272A0-9366-49E7-9563-B3D0A9ACE91E}.Debug|x86.ActiveCfg = Debug|Any CPU
		{750272A0-9366-49E7-9563-B3D0A9ACE91E}.Debug|x86.Build.0 = Debug|Any CPU
		{750272A0-9366-49E7-9563-B3D0A9ACE91E}.Release|Any CPU.ActiveCfg = Release|Any CPU
		{750272A0-9366-49E7-9563-B3D0A9ACE91E}.Release|Any CPU.Build.0 = Release|Any CPU
		{750272A0-9366-49E7-9563-B3D0A9ACE91E}.Release|x64.ActiveCfg = Release|Any CPU
		{750272A0-9366-49E7-9563-B3D0A9ACE91E}.Release|x64.Build.0 = Release|Any CPU
		{750272A0-9366-49E7-9563-B3D0A9ACE91E}.Release|x86.ActiveCfg = Release|Any CPU
		{750272A0-9366-49E7-9563-B3D0A9ACE91E}.Release|x86.Build.0 = Release|Any CPU
		{3E890C62-5E19-45A7-9889-E8FC65388A22}.Debug|Any CPU.ActiveCfg = Debug|Any CPU
		{3E890C62-5E19-45A7-9889-E8FC65388A22}.Debug|Any CPU.Build.0 = Debug|Any CPU
		{3E890C62-5E19-45A7-9889-E8FC65388A22}.Debug|x64.ActiveCfg = Debug|Any CPU
		{3E890C62-5E19-45A7-9889-E8FC65388A22}.Debug|x64.Build.0 = Debug|Any CPU
		{3E890C62-5E19-45A7-9889-E8FC65388A22}.Debug|x86.ActiveCfg = Debug|Any CPU
		{3E890C62-5E19-45A7-9889-E8FC65388A22}.Debug|x86.Build.0 = Debug|Any CPU
		{3E890C62-5E19-45A7-9889-E8FC65388A22}.Release|Any CPU.ActiveCfg = Release|Any CPU
		{3E890C62-5E19-45A7-9889-E8FC65388A22}.Release|Any CPU.Build.0 = Release|Any CPU
		{3E890C62-5E19-45A7-9889-E8FC65388A22}.Release|x64.ActiveCfg = Release|Any CPU
		{3E890C62-5E19-45A7-9889-E8FC65388A22}.Release|x64.Build.0 = Release|Any CPU
		{3E890C62-5E19-45A7-9889-E8FC65388A22}.Release|x86.ActiveCfg = Release|Any CPU
		{3E890C62-5E19-45A7-9889-E8FC65388A22}.Release|x86.Build.0 = Release|Any CPU
		{F722FFC7-C88B-4B53-8FC4-5A4D775E0272}.Debug|Any CPU.ActiveCfg = Debug|Any CPU
		{F722FFC7-C88B-4B53-8FC4-5A4D775E0272}.Debug|Any CPU.Build.0 = Debug|Any CPU
		{F722FFC7-C88B-4B53-8FC4-5A4D775E0272}.Debug|x64.ActiveCfg = Debug|Any CPU
		{F722FFC7-C88B-4B53-8FC4-5A4D775E0272}.Debug|x64.Build.0 = Debug|Any CPU
		{F722FFC7-C88B-4B53-8FC4-5A4D775E0272}.Debug|x86.ActiveCfg = Debug|Any CPU
		{F722FFC7-C88B-4B53-8FC4-5A4D775E0272}.Debug|x86.Build.0 = Debug|Any CPU
		{F722FFC7-C88B-4B53-8FC4-5A4D775E0272}.Release|Any CPU.ActiveCfg = Release|Any CPU
		{F722FFC7-C88B-4B53-8FC4-5A4D775E0272}.Release|Any CPU.Build.0 = Release|Any CPU
		{F722FFC7-C88B-4B53-8FC4-5A4D775E0272}.Release|x64.ActiveCfg = Release|Any CPU
		{F722FFC7-C88B-4B53-8FC4-5A4D775E0272}.Release|x64.Build.0 = Release|Any CPU
		{F722FFC7-C88B-4B53-8FC4-5A4D775E0272}.Release|x86.ActiveCfg = Release|Any CPU
		{F722FFC7-C88B-4B53-8FC4-5A4D775E0272}.Release|x86.Build.0 = Release|Any CPU
		{19DAD15C-5AD8-4DEE-98B6-1EB7463F740F}.Debug|Any CPU.ActiveCfg = Debug|Any CPU
		{19DAD15C-5AD8-4DEE-98B6-1EB7463F740F}.Debug|Any CPU.Build.0 = Debug|Any CPU
		{19DAD15C-5AD8-4DEE-98B6-1EB7463F740F}.Debug|x64.ActiveCfg = Debug|Any CPU
		{19DAD15C-5AD8-4DEE-98B6-1EB7463F740F}.Debug|x64.Build.0 = Debug|Any CPU
		{19DAD15C-5AD8-4DEE-98B6-1EB7463F740F}.Debug|x86.ActiveCfg = Debug|Any CPU
		{19DAD15C-5AD8-4DEE-98B6-1EB7463F740F}.Debug|x86.Build.0 = Debug|Any CPU
		{19DAD15C-5AD8-4DEE-98B6-1EB7463F740F}.Release|Any CPU.ActiveCfg = Release|Any CPU
		{19DAD15C-5AD8-4DEE-98B6-1EB7463F740F}.Release|Any CPU.Build.0 = Release|Any CPU
		{19DAD15C-5AD8-4DEE-98B6-1EB7463F740F}.Release|x64.ActiveCfg = Release|Any CPU
		{19DAD15C-5AD8-4DEE-98B6-1EB7463F740F}.Release|x64.Build.0 = Release|Any CPU
		{19DAD15C-5AD8-4DEE-98B6-1EB7463F740F}.Release|x86.ActiveCfg = Release|Any CPU
		{19DAD15C-5AD8-4DEE-98B6-1EB7463F740F}.Release|x86.Build.0 = Release|Any CPU
		{A674ACBD-42F6-470F-8ADE-145AD161CD87}.Debug|Any CPU.ActiveCfg = Debug|Any CPU
		{A674ACBD-42F6-470F-8ADE-145AD161CD87}.Debug|Any CPU.Build.0 = Debug|Any CPU
		{A674ACBD-42F6-470F-8ADE-145AD161CD87}.Debug|x64.ActiveCfg = Debug|Any CPU
		{A674ACBD-42F6-470F-8ADE-145AD161CD87}.Debug|x64.Build.0 = Debug|Any CPU
		{A674ACBD-42F6-470F-8ADE-145AD161CD87}.Debug|x86.ActiveCfg = Debug|Any CPU
		{A674ACBD-42F6-470F-8ADE-145AD161CD87}.Debug|x86.Build.0 = Debug|Any CPU
		{A674ACBD-42F6-470F-8ADE-145AD161CD87}.Release|Any CPU.ActiveCfg = Release|Any CPU
		{A674ACBD-42F6-470F-8ADE-145AD161CD87}.Release|Any CPU.Build.0 = Release|Any CPU
		{A674ACBD-42F6-470F-8ADE-145AD161CD87}.Release|x64.ActiveCfg = Release|Any CPU
		{A674ACBD-42F6-470F-8ADE-145AD161CD87}.Release|x64.Build.0 = Release|Any CPU
		{A674ACBD-42F6-470F-8ADE-145AD161CD87}.Release|x86.ActiveCfg = Release|Any CPU
		{A674ACBD-42F6-470F-8ADE-145AD161CD87}.Release|x86.Build.0 = Release|Any CPU
		{3ED19F83-9DC4-19C5-C15B-71539907953B}.Debug|Any CPU.ActiveCfg = Debug|Any CPU
		{3ED19F83-9DC4-19C5-C15B-71539907953B}.Debug|Any CPU.Build.0 = Debug|Any CPU
		{3ED19F83-9DC4-19C5-C15B-71539907953B}.Debug|x64.ActiveCfg = Debug|Any CPU
		{3ED19F83-9DC4-19C5-C15B-71539907953B}.Debug|x64.Build.0 = Debug|Any CPU
		{3ED19F83-9DC4-19C5-C15B-71539907953B}.Debug|x86.ActiveCfg = Debug|Any CPU
		{3ED19F83-9DC4-19C5-C15B-71539907953B}.Debug|x86.Build.0 = Debug|Any CPU
		{3ED19F83-9DC4-19C5-C15B-71539907953B}.Release|Any CPU.ActiveCfg = Release|Any CPU
		{3ED19F83-9DC4-19C5-C15B-71539907953B}.Release|Any CPU.Build.0 = Release|Any CPU
		{3ED19F83-9DC4-19C5-C15B-71539907953B}.Release|x64.ActiveCfg = Release|Any CPU
		{3ED19F83-9DC4-19C5-C15B-71539907953B}.Release|x64.Build.0 = Release|Any CPU
		{3ED19F83-9DC4-19C5-C15B-71539907953B}.Release|x86.ActiveCfg = Release|Any CPU
		{3ED19F83-9DC4-19C5-C15B-71539907953B}.Release|x86.Build.0 = Release|Any CPU
	EndGlobalSection
	GlobalSection(SolutionProperties) = preSolution
		HideSolutionNode = FALSE
	EndGlobalSection
	GlobalSection(ExtensibilityGlobals) = postSolution
		SolutionGuid = {99D8162A-F32E-4396-BCED-965C1DAD3C3F}
	EndGlobalSection
EndGlobal
